
Microsoft Visual Studio Solution File, Format Version 12.00
# Visual Studio Version 17
VisualStudioVersion = 17.0.31903.59
MinimumVisualStudioVersion = 10.0.40219.1
Project("{FAE04EC0-301F-11D3-BF4B-00C04F79EFBC}") = "MyFirstCI.Api", "MyFirstCI.Api\MyFirstCI.Api.csproj", "{C96981A7-3A48-4FFE-A515-0E94E0B5F76C}"
EndProject
Project("{FAE04EC0-301F-11D3-BF4B-00C04F79EFBC}") = "MyFirstCI.Tests", "MyFirstCI.Tests\MyFirstCI.Tests.csproj", "{895D62D7-99E3-4993-9DF1-FA3D3DC5B689}"
EndProject
Global
	GlobalSection(SolutionConfigurationPlatforms) = preSolution
		Debug|Any CPU = Debug|Any CPU
		Debug|x64 = Debug|x64
		Debug|x86 = Debug|x86
		Release|Any CPU = Release|Any CPU
		Release|x64 = Release|x64
		Release|x86 = Release|x86
	EndGlobalSection
	GlobalSection(ProjectConfigurationPlatforms) = postSolution
		{C96981A7-3A48-4FFE-A515-0E94E0B5F76C}.Debug|Any CPU.ActiveCfg = Debug|Any CPU
		{C96981A7-3A48-4FFE-A515-0E94E0B5F76C}.Debug|Any CPU.Build.0 = Debug|Any CPU
		{C96981A7-3A48-4FFE-A515-0E94E0B5F76C}.Debug|x64.ActiveCfg = Debug|Any CPU
		{C96981A7-3A48-4FFE-A515-0E94E0B5F76C}.Debug|x64.Build.0 = Debug|Any CPU
		{C96981A7-3A48-4FFE-A515-0E94E0B5F76C}.Debug|x86.ActiveCfg = Debug|Any CPU
		{C96981A7-3A48-4FFE-A515-0E94E0B5F76C}.Debug|x86.Build.0 = Debug|Any CPU
		{C96981A7-3A48-4FFE-A515-0E94E0B5F76C}.Release|Any CPU.ActiveCfg = Release|Any CPU
		{C96981A7-3A48-4FFE-A515-0E94E0B5F76C}.Release|Any CPU.Build.0 = Release|Any CPU
		{C96981A7-3A48-4FFE-A515-0E94E0B5F76C}.Release|x64.ActiveCfg = Release|Any CPU
		{C96981A7-3A48-4FFE-A515-0E94E0B5F76C}.Release|x64.Build.0 = Release|Any CPU
		{C96981A7-3A48-4FFE-A515-0E94E0B5F76C}.Release|x86.ActiveCfg = Release|Any CPU
		{C96981A7-3A48-4FFE-A515-0E94E0B5F76C}.Release|x86.Build.0 = Release|Any CPU
		{895D62D7-99E3-4993-9DF1-FA3D3DC5B689}.Debug|Any CPU.ActiveCfg = Debug|Any CPU
		{895D62D7-99E3-4993-9DF1-FA3D3DC5B689}.Debug|Any CPU.Build.0 = Debug|Any CPU
		{895D62D7-99E3-4993-9DF1-FA3D3DC5B689}.Debug|x64.ActiveCfg = Debug|Any CPU
		{895D62D7-99E3-4993-9DF1-FA3D3DC5B689}.Debug|x64.Build.0 = Debug|Any CPU
		{895D62D7-99E3-4993-9DF1-FA3D3DC5B689}.Debug|x86.ActiveCfg = Debug|Any CPU
		{895D62D7-99E3-4993-9DF1-FA3D3DC5B689}.Debug|x86.Build.0 = Debug|Any CPU
		{895D62D7-99E3-4993-9DF1-FA3D3DC5B689}.Release|Any CPU.ActiveCfg = Release|Any CPU
		{895D62D7-99E3-4993-9DF1-FA3D3DC5B689}.Release|Any CPU.Build.0 = Release|Any CPU
		{895D62D7-99E3-4993-9DF1-FA3D3DC5B689}.Release|x64.ActiveCfg = Release|Any CPU
		{895D62D7-99E3-4993-9DF1-FA3D3DC5B689}.Release|x64.Build.0 = Release|Any CPU
		{895D62D7-99E3-4993-9DF1-FA3D3DC5B689}.Release|x86.ActiveCfg = Release|Any CPU
		{895D62D7-99E3-4993-9DF1-FA3D3DC5B689}.Release|x86.Build.0 = Release|Any CPU
	EndGlobalSection
	GlobalSection(SolutionProperties) = preSolution
		HideSolutionNode = FALSE
	EndGlobalSection
EndGlobal
